
Microsoft Visual Studio Solution File, Format Version 12.00
# Visual Studio Version 17
VisualStudioVersion = 17.5.33627.172
MinimumVisualStudioVersion = 10.0.40219.1
Project("{FAE04EC0-301F-11D3-BF4B-00C04F79EFBC}") = "BlazorWithXaml", "BlazorWithXaml\BlazorWithXaml.csproj", "{FAFB1727-63AC-45F3-BE56-7F104E6416D5}"
EndProject
Global
	GlobalSection(SolutionConfigurationPlatforms) = preSolution
		Debug|Any CPU = Debug|Any CPU
		Release|Any CPU = Release|Any CPU
	EndGlobalSection
	GlobalSection(ProjectConfigurationPlatforms) = postSolution
		{FAFB1727-63AC-45F3-BE56-7F104E6416D5}.Debug|Any CPU.ActiveCfg = Debug|Any CPU
		{FAFB1727-63AC-45F3-BE56-7F104E6416D5}.Debug|Any CPU.Build.0 = Debug|Any CPU
		{FAFB1727-63AC-45F3-BE56-7F104E6416D5}.Release|Any CPU.ActiveCfg = Release|Any CPU
		{FAFB1727-63AC-45F3-BE56-7F104E6416D5}.Release|Any CPU.Build.0 = Release|Any CPU
	EndGlobalSection
	GlobalSection(SolutionProperties) = preSolution
		HideSolutionNode = FALSE
	EndGlobalSection
	GlobalSection(ExtensibilityGlobals) = postSolution
		SolutionGuid = {92928C17-1267-47E2-AB68-A05355F9E292}
	EndGlobalSection
EndGlobal
